
Microsoft Visual Studio Solution File, Format Version 12.00
# Visual Studio Version 17
VisualStudioVersion = 17.4.33205.214
MinimumVisualStudioVersion = 10.0.40219.1
Project("{2150E333-8FDC-42A3-9474-1A3956D46DE8}") = "Infrastructure", "Infrastructure", "{151F7F02-B6FF-4882-93F5-481D2E973332}"
EndProject
Project("{2150E333-8FDC-42A3-9474-1A3956D46DE8}") = "WebAPI", "WebAPI", "{267F9C7B-E70E-44F5-A68F-9BA09FF269D8}"
EndProject
Project("{2150E333-8FDC-42A3-9474-1A3956D46DE8}") = "Modules", "Modules", "{6E31A469-0EBC-4950-9915-9CAAC7447878}"
EndProject
Project("{2150E333-8FDC-42A3-9474-1A3956D46DE8}") = "Common", "Common", "{D87151B4-9CD1-4ACC-9352-F5B49B0721A5}"
EndProject
Project("{2150E333-8FDC-42A3-9474-1A3956D46DE8}") = "ApplicationService", "ApplicationService", "{B2968134-2B65-4493-B1AB-5AACC391AE7A}"
EndProject
Project("{2150E333-8FDC-42A3-9474-1A3956D46DE8}") = "Domain", "Domain", "{E4EE5458-2351-4C4F-8390-159AD957B6D8}"
EndProject
Project("{2150E333-8FDC-42A3-9474-1A3956D46DE8}") = "Infrastructure", "Infrastructure", "{F120FFC5-1677-4674-89F6-66C1B8D424A3}"
EndProject
Project("{2150E333-8FDC-42A3-9474-1A3956D46DE8}") = "SQLDB", "SQLDB", "{29546E06-EBD4-4AF0-947A-E654797EBF71}"
EndProject
Project("{2150E333-8FDC-42A3-9474-1A3956D46DE8}") = "WebAPI", "WebAPI", "{36C50AE3-30B3-40E8-A4E4-95427C7970E2}"
EndProject
Project("{2150E333-8FDC-42A3-9474-1A3956D46DE8}") = "Core", "Core", "{B94FBDA7-D0B9-477A-8AA5-E9ABB5C5ACA8}"
EndProject
Project("{2150E333-8FDC-42A3-9474-1A3956D46DE8}") = "ApplicationService", "ApplicationService", "{49F141B7-47D5-4BCC-B6CA-C8A569B35105}"
EndProject
Project("{2150E333-8FDC-42A3-9474-1A3956D46DE8}") = "Infrastructure", "Infrastructure", "{DC67169E-D730-496F-A90E-49AE42714D4F}"
EndProject
Project("{2150E333-8FDC-42A3-9474-1A3956D46DE8}") = "SQLDB", "SQLDB", "{3C781A76-2113-4A8F-8E72-BB481A50E0A6}"
EndProject
Project("{2150E333-8FDC-42A3-9474-1A3956D46DE8}") = "WebAPI", "WebAPI", "{7F83DD54-635A-4A29-BF16-9D619753F0EA}"
EndProject
Project("{9A19103F-16F7-4668-BE54-9A1E7A4F7556}") = "Project.Common.ApplicationService", "Modules\Common\ApplicationService\Project.Common.ApplicationService.csproj", "{34901633-7C39-4DF8-8AC1-8AD392119756}"
EndProject
Project("{9A19103F-16F7-4668-BE54-9A1E7A4F7556}") = "Project.Common.Domain", "Modules\Common\Domain\Project.Common.Domain.csproj", "{0877E4F4-5211-4105-AA76-3B67556A3E2B}"
EndProject
Project("{9A19103F-16F7-4668-BE54-9A1E7A4F7556}") = "Project.Common.Infrastructure.SQLDB", "Modules\Common\Infrastructure\SQLDB\Project.Common.Infrastructure.SQLDB.csproj", "{32C6A8EF-A481-4459-854E-47567BA42A89}"
EndProject
Project("{9A19103F-16F7-4668-BE54-9A1E7A4F7556}") = "Project.Common.Infrastructure.WebAPI", "Modules\Common\Infrastructure\WebAPI\Project.Common.Infrastructure.WebAPI.csproj", "{5A684A66-09D2-4AD1-9080-32637F796509}"
EndProject
Project("{9A19103F-16F7-4668-BE54-9A1E7A4F7556}") = "Project.Core.Infrastructure.WebAPI", "Core\Infrastructure\WebAPI\Project.Core.Infrastructure.WebAPI.csproj", "{BA4635C8-42B7-4E2A-9281-1F0C1D9F9305}"
EndProject
Project("{9A19103F-16F7-4668-BE54-9A1E7A4F7556}") = "Project.Core.Infrastructure.SQLDB", "Core\Infrastructure\SQLDB\Project.Core.Infrastructure.SQLDB.csproj", "{F8087ADD-4800-4923-BAAA-78288590259C}"
EndProject
Project("{9A19103F-16F7-4668-BE54-9A1E7A4F7556}") = "Project.Core.ApplicationService", "Core\ApplicationService\Project.Core.ApplicationService.csproj", "{45CBD7D7-2F76-4F30-A963-1E7E8DF19E2D}"
EndProject
Project("{9A19103F-16F7-4668-BE54-9A1E7A4F7556}") = "Project.Infrastructure.WebAPI", "Infrastructure\WebAPI\Project.Infrastructure.WebAPI.csproj", "{3B567148-6646-4294-8C3B-33D9B948EF5C}"
EndProject
Project("{2150E333-8FDC-42A3-9474-1A3956D46DE8}") = "Domain", "Domain", "{BC493C60-69DA-4FC9-AB9D-2B0E4A703AE5}"
EndProject
Project("{FAE04EC0-301F-11D3-BF4B-00C04F79EFBC}") = "Project.Core.Domain", "Core\Domain\Project.Core.Domain\Project.Core.Domain.csproj", "{7784AECA-94E0-4FFB-8976-9F5EE5F77CC8}"
EndProject
Global
	GlobalSection(SolutionConfigurationPlatforms) = preSolution
		Debug|Any CPU = Debug|Any CPU
		Release|Any CPU = Release|Any CPU
	EndGlobalSection
	GlobalSection(ProjectConfigurationPlatforms) = postSolution
		{34901633-7C39-4DF8-8AC1-8AD392119756}.Debug|Any CPU.ActiveCfg = Debug|Any CPU
		{34901633-7C39-4DF8-8AC1-8AD392119756}.Debug|Any CPU.Build.0 = Debug|Any CPU
		{34901633-7C39-4DF8-8AC1-8AD392119756}.Release|Any CPU.ActiveCfg = Release|Any CPU
		{34901633-7C39-4DF8-8AC1-8AD392119756}.Release|Any CPU.Build.0 = Release|Any CPU
		{0877E4F4-5211-4105-AA76-3B67556A3E2B}.Debug|Any CPU.ActiveCfg = Debug|Any CPU
		{0877E4F4-5211-4105-AA76-3B67556A3E2B}.Debug|Any CPU.Build.0 = Debug|Any CPU
		{0877E4F4-5211-4105-AA76-3B67556A3E2B}.Release|Any CPU.ActiveCfg = Release|Any CPU
		{0877E4F4-5211-4105-AA76-3B67556A3E2B}.Release|Any CPU.Build.0 = Release|Any CPU
		{32C6A8EF-A481-4459-854E-47567BA42A89}.Debug|Any CPU.ActiveCfg = Debug|Any CPU
		{32C6A8EF-A481-4459-854E-47567BA42A89}.Debug|Any CPU.Build.0 = Debug|Any CPU
		{32C6A8EF-A481-4459-854E-47567BA42A89}.Release|Any CPU.ActiveCfg = Release|Any CPU
		{32C6A8EF-A481-4459-854E-47567BA42A89}.Release|Any CPU.Build.0 = Release|Any CPU
		{5A684A66-09D2-4AD1-9080-32637F796509}.Debug|Any CPU.ActiveCfg = Debug|Any CPU
		{5A684A66-09D2-4AD1-9080-32637F796509}.Debug|Any CPU.Build.0 = Debug|Any CPU
		{5A684A66-09D2-4AD1-9080-32637F796509}.Release|Any CPU.ActiveCfg = Release|Any CPU
		{5A684A66-09D2-4AD1-9080-32637F796509}.Release|Any CPU.Build.0 = Release|Any CPU
		{BA4635C8-42B7-4E2A-9281-1F0C1D9F9305}.Debug|Any CPU.ActiveCfg = Debug|Any CPU
		{BA4635C8-42B7-4E2A-9281-1F0C1D9F9305}.Debug|Any CPU.Build.0 = Debug|Any CPU
		{BA4635C8-42B7-4E2A-9281-1F0C1D9F9305}.Release|Any CPU.ActiveCfg = Release|Any CPU
		{BA4635C8-42B7-4E2A-9281-1F0C1D9F9305}.Release|Any CPU.Build.0 = Release|Any CPU
		{F8087ADD-4800-4923-BAAA-78288590259C}.Debug|Any CPU.ActiveCfg = Debug|Any CPU
		{F8087ADD-4800-4923-BAAA-78288590259C}.Debug|Any CPU.Build.0 = Debug|Any CPU
		{F8087ADD-4800-4923-BAAA-78288590259C}.Release|Any CPU.ActiveCfg = Release|Any CPU
		{F8087ADD-4800-4923-BAAA-78288590259C}.Release|Any CPU.Build.0 = Release|Any CPU
		{45CBD7D7-2F76-4F30-A963-1E7E8DF19E2D}.Debug|Any CPU.ActiveCfg = Debug|Any CPU
		{45CBD7D7-2F76-4F30-A963-1E7E8DF19E2D}.Debug|Any CPU.Build.0 = Debug|Any CPU
		{45CBD7D7-2F76-4F30-A963-1E7E8DF19E2D}.Release|Any CPU.ActiveCfg = Release|Any CPU
		{45CBD7D7-2F76-4F30-A963-1E7E8DF19E2D}.Release|Any CPU.Build.0 = Release|Any CPU
		{3B567148-6646-4294-8C3B-33D9B948EF5C}.Debug|Any CPU.ActiveCfg = Debug|Any CPU
		{3B567148-6646-4294-8C3B-33D9B948EF5C}.Debug|Any CPU.Build.0 = Debug|Any CPU
		{3B567148-6646-4294-8C3B-33D9B948EF5C}.Release|Any CPU.ActiveCfg = Release|Any CPU
		{3B567148-6646-4294-8C3B-33D9B948EF5C}.Release|Any CPU.Build.0 = Release|Any CPU
		{7784AECA-94E0-4FFB-8976-9F5EE5F77CC8}.Debug|Any CPU.ActiveCfg = Debug|Any CPU
		{7784AECA-94E0-4FFB-8976-9F5EE5F77CC8}.Debug|Any CPU.Build.0 = Debug|Any CPU
		{7784AECA-94E0-4FFB-8976-9F5EE5F77CC8}.Release|Any CPU.ActiveCfg = Release|Any CPU
		{7784AECA-94E0-4FFB-8976-9F5EE5F77CC8}.Release|Any CPU.Build.0 = Release|Any CPU
	EndGlobalSection
	GlobalSection(SolutionProperties) = preSolution
		HideSolutionNode = FALSE
	EndGlobalSection
	GlobalSection(NestedProjects) = preSolution
		{267F9C7B-E70E-44F5-A68F-9BA09FF269D8} = {151F7F02-B6FF-4882-93F5-481D2E973332}
		{D87151B4-9CD1-4ACC-9352-F5B49B0721A5} = {6E31A469-0EBC-4950-9915-9CAAC7447878}
		{B2968134-2B65-4493-B1AB-5AACC391AE7A} = {D87151B4-9CD1-4ACC-9352-F5B49B0721A5}
		{E4EE5458-2351-4C4F-8390-159AD957B6D8} = {D87151B4-9CD1-4ACC-9352-F5B49B0721A5}
		{F120FFC5-1677-4674-89F6-66C1B8D424A3} = {D87151B4-9CD1-4ACC-9352-F5B49B0721A5}
		{29546E06-EBD4-4AF0-947A-E654797EBF71} = {F120FFC5-1677-4674-89F6-66C1B8D424A3}
		{36C50AE3-30B3-40E8-A4E4-95427C7970E2} = {F120FFC5-1677-4674-89F6-66C1B8D424A3}
		{49F141B7-47D5-4BCC-B6CA-C8A569B35105} = {B94FBDA7-D0B9-477A-8AA5-E9ABB5C5ACA8}
		{DC67169E-D730-496F-A90E-49AE42714D4F} = {B94FBDA7-D0B9-477A-8AA5-E9ABB5C5ACA8}
		{3C781A76-2113-4A8F-8E72-BB481A50E0A6} = {DC67169E-D730-496F-A90E-49AE42714D4F}
		{7F83DD54-635A-4A29-BF16-9D619753F0EA} = {DC67169E-D730-496F-A90E-49AE42714D4F}
		{34901633-7C39-4DF8-8AC1-8AD392119756} = {B2968134-2B65-4493-B1AB-5AACC391AE7A}
		{0877E4F4-5211-4105-AA76-3B67556A3E2B} = {E4EE5458-2351-4C4F-8390-159AD957B6D8}
		{32C6A8EF-A481-4459-854E-47567BA42A89} = {29546E06-EBD4-4AF0-947A-E654797EBF71}
		{5A684A66-09D2-4AD1-9080-32637F796509} = {36C50AE3-30B3-40E8-A4E4-95427C7970E2}
		{BA4635C8-42B7-4E2A-9281-1F0C1D9F9305} = {7F83DD54-635A-4A29-BF16-9D619753F0EA}
		{F8087ADD-4800-4923-BAAA-78288590259C} = {3C781A76-2113-4A8F-8E72-BB481A50E0A6}
		{45CBD7D7-2F76-4F30-A963-1E7E8DF19E2D} = {49F141B7-47D5-4BCC-B6CA-C8A569B35105}
		{3B567148-6646-4294-8C3B-33D9B948EF5C} = {267F9C7B-E70E-44F5-A68F-9BA09FF269D8}
		{BC493C60-69DA-4FC9-AB9D-2B0E4A703AE5} = {B94FBDA7-D0B9-477A-8AA5-E9ABB5C5ACA8}
		{7784AECA-94E0-4FFB-8976-9F5EE5F77CC8} = {BC493C60-69DA-4FC9-AB9D-2B0E4A703AE5}
	EndGlobalSection
	GlobalSection(ExtensibilityGlobals) = postSolution
		SolutionGuid = {8253690D-9643-49CB-B24D-674963D290A7}
	EndGlobalSection
EndGlobal
