
Microsoft Visual Studio Solution File, Format Version 12.00
# Visual Studio Version 17
VisualStudioVersion = 17.4.33205.214
MinimumVisualStudioVersion = 10.0.40219.1
Project("{2150E333-8FDC-42A3-9474-1A3956D46DE8}") = "Infrastructure", "Infrastructure", "{151F7F02-B6FF-4882-93F5-481D2E973332}"
EndProject
Project("{2150E333-8FDC-42A3-9474-1A3956D46DE8}") = "WebAPI", "WebAPI", "{267F9C7B-E70E-44F5-A68F-9BA09FF269D8}"
EndProject
Project("{2150E333-8FDC-42A3-9474-1A3956D46DE8}") = "Modules", "Modules", "{6E31A469-0EBC-4950-9915-9CAAC7447878}"
EndProject
Project("{2150E333-8FDC-42A3-9474-1A3956D46DE8}") = "Common", "Common", "{D87151B4-9CD1-4ACC-9352-F5B49B0721A5}"
EndProject
Project("{2150E333-8FDC-42A3-9474-1A3956D46DE8}") = "ApplicationService", "ApplicationService", "{B2968134-2B65-4493-B1AB-5AACC391AE7A}"
EndProject
Project("{2150E333-8FDC-42A3-9474-1A3956D46DE8}") = "Domain", "Domain", "{E4EE5458-2351-4C4F-8390-159AD957B6D8}"
EndProject
Project("{2150E333-8FDC-42A3-9474-1A3956D46DE8}") = "Infrastructure", "Infrastructure", "{F120FFC5-1677-4674-89F6-66C1B8D424A3}"
EndProject
Project("{2150E333-8FDC-42A3-9474-1A3956D46DE8}") = "SQLDB", "SQLDB", "{29546E06-EBD4-4AF0-947A-E654797EBF71}"
EndProject
Project("{2150E333-8FDC-42A3-9474-1A3956D46DE8}") = "WebAPI", "WebAPI", "{36C50AE3-30B3-40E8-A4E4-95427C7970E2}"
EndProject
Project("{2150E333-8FDC-42A3-9474-1A3956D46DE8}") = "Core", "Core", "{B94FBDA7-D0B9-477A-8AA5-E9ABB5C5ACA8}"
EndProject
Project("{2150E333-8FDC-42A3-9474-1A3956D46DE8}") = "ApplicationService", "ApplicationService", "{49F141B7-47D5-4BCC-B6CA-C8A569B35105}"
EndProject
Project("{2150E333-8FDC-42A3-9474-1A3956D46DE8}") = "Infrastructure", "Infrastructure", "{DC67169E-D730-496F-A90E-49AE42714D4F}"
EndProject
Project("{2150E333-8FDC-42A3-9474-1A3956D46DE8}") = "SQLDB", "SQLDB", "{3C781A76-2113-4A8F-8E72-BB481A50E0A6}"
EndProject
Project("{2150E333-8FDC-42A3-9474-1A3956D46DE8}") = "WebAPI", "WebAPI", "{7F83DD54-635A-4A29-BF16-9D619753F0EA}"
EndProject
Project("{9A19103F-16F7-4668-BE54-9A1E7A4F7556}") = "Project.Core.Infrastructure.WebAPI", "Core\Infrastructure\WebAPI\Project.Core.Infrastructure.WebAPI.csproj", "{BA4635C8-42B7-4E2A-9281-1F0C1D9F9305}"
EndProject
Project("{9A19103F-16F7-4668-BE54-9A1E7A4F7556}") = "Project.Core.Infrastructure.SQLDB", "Core\Infrastructure\SQLDB\Project.Core.Infrastructure.SQLDB.csproj", "{F8087ADD-4800-4923-BAAA-78288590259C}"
EndProject
Project("{9A19103F-16F7-4668-BE54-9A1E7A4F7556}") = "Project.Core.ApplicationService", "Core\ApplicationService\Project.Core.ApplicationService.csproj", "{45CBD7D7-2F76-4F30-A963-1E7E8DF19E2D}"
EndProject
Project("{9A19103F-16F7-4668-BE54-9A1E7A4F7556}") = "Project.Infrastructure.WebAPI", "Infrastructure\WebAPI\Project.Infrastructure.WebAPI.csproj", "{3B567148-6646-4294-8C3B-33D9B948EF5C}"
EndProject
Project("{2150E333-8FDC-42A3-9474-1A3956D46DE8}") = "Domain", "Domain", "{BC493C60-69DA-4FC9-AB9D-2B0E4A703AE5}"
EndProject
Project("{9A19103F-16F7-4668-BE54-9A1E7A4F7556}") = "Project.Core.Domain", "Core\Domain\Project.Core.Domain\Project.Core.Domain.csproj", "{7784AECA-94E0-4FFB-8976-9F5EE5F77CC8}"
EndProject
Project("{2150E333-8FDC-42A3-9474-1A3956D46DE8}") = "HumanResources", "HumanResources", "{BED2F668-719A-4030-BC57-33401EE176AE}"
EndProject
Project("{2150E333-8FDC-42A3-9474-1A3956D46DE8}") = "ApplicationService", "ApplicationService", "{1A15B10B-BD1B-45D3-AA23-5AD96DFF24A5}"
EndProject
Project("{2150E333-8FDC-42A3-9474-1A3956D46DE8}") = "Domain", "Domain", "{DE12AB63-C9A9-4FB3-B786-D023AE3D5927}"
EndProject
Project("{2150E333-8FDC-42A3-9474-1A3956D46DE8}") = "Infrastructure", "Infrastructure", "{3062E3B5-5E9B-4B2E-AC2D-6D7079B3280C}"
EndProject
Project("{2150E333-8FDC-42A3-9474-1A3956D46DE8}") = "WebAPI", "WebAPI", "{FDDB9C58-7FCC-4C03-85CF-FFF6A5150E96}"
EndProject
Project("{2150E333-8FDC-42A3-9474-1A3956D46DE8}") = "SQLDB", "SQLDB", "{DA3BB8F2-480A-4EF5-9894-6628813140A4}"
EndProject
Project("{9A19103F-16F7-4668-BE54-9A1E7A4F7556}") = "Project.HumanResources.ApplicationService", "Modules\HumanResources\ApplicationService\Project.HumanResources.ApplicationService\Project.HumanResources.ApplicationService.csproj", "{AAE39B06-0CC5-4193-BC99-517E9EF400F1}"
EndProject
Project("{9A19103F-16F7-4668-BE54-9A1E7A4F7556}") = "Project.HumanResources.Domain", "Modules\HumanResources\Domain\Project.HumanResources.Domain\Project.HumanResources.Domain.csproj", "{C986B735-F67F-4832-8098-CD3205BB5E7A}"
EndProject
Project("{9A19103F-16F7-4668-BE54-9A1E7A4F7556}") = "Project.HumanResources.Infrastructure.SQLDB", "Modules\HumanResources\Infrastructure\SQLDB\Project.HumanResources.Infrastructure.SQLDB\Project.HumanResources.Infrastructure.SQLDB.csproj", "{D1EFE308-96C2-4C7D-82AC-3596670AC7EC}"
EndProject
Project("{9A19103F-16F7-4668-BE54-9A1E7A4F7556}") = "Project.HumanResources.Infrastructure.WebAPI", "Modules\HumanResources\Infrastructure\WebAPI\Project.HumanResources.Infrastructure.WebAPI\Project.HumanResources.Infrastructure.WebAPI.csproj", "{B3431FB9-5905-4354-BB7F-D203DE0F78BA}"
EndProject
Project("{9A19103F-16F7-4668-BE54-9A1E7A4F7556}") = "Project.HumanResources.Integration", "Modules\HumanResources\ApplicationService\Project.HumanResources.Intergration\Project.HumanResources.Integration.csproj", "{02D94F7A-634E-4F7D-BFEB-7155E402CBB5}"
EndProject
Project("{9A19103F-16F7-4668-BE54-9A1E7A4F7556}") = "Project.Common.ApplicationService", "Modules\Common\ApplicationService\Project.Common.ApplicationService\Project.Common.ApplicationService.csproj", "{0C4FAB6F-C7F6-4EE0-941C-7BE769550F87}"
EndProject
Project("{9A19103F-16F7-4668-BE54-9A1E7A4F7556}") = "Project.Common.Domain", "Modules\Common\Domain\Project.Common.Domain\Project.Common.Domain.csproj", "{6A9E75B9-ECE9-464E-A914-28FF6B1BDDD9}"
EndProject
Project("{9A19103F-16F7-4668-BE54-9A1E7A4F7556}") = "Project.Common.Infrastructure.SQLDB", "Modules\Common\Infrastructure\SQLDB\Project.Common.Infrastructure.SQLDB\Project.Common.Infrastructure.SQLDB.csproj", "{2CAD463D-6DBA-47FE-B931-9A961C183231}"
EndProject
Project("{9A19103F-16F7-4668-BE54-9A1E7A4F7556}") = "Project.Common.Infrastructure.WebAPI", "Modules\Common\Infrastructure\WebAPI\Project.Common.Infrastructure.WebAPI\Project.Common.Infrastructure.WebAPI.csproj", "{389F34BE-05B9-49FC-9276-026AB1CE0749}"
EndProject
Project("{9A19103F-16F7-4668-BE54-9A1E7A4F7556}") = "Project.Common.Integration", "Modules\Common\ApplicationService\Project.Common.Integration\Project.Common.Integration.csproj", "{BF56AB72-4634-46AC-AFFE-AAC29152CB2A}"
EndProject
Project("{2150E333-8FDC-42A3-9474-1A3956D46DE8}") = "Sales", "Sales", "{EA743C8D-D63A-421C-8F0B-189CBEA8B986}"
EndProject
Project("{2150E333-8FDC-42A3-9474-1A3956D46DE8}") = "Infrastructure", "Infrastructure", "{B6B24130-BFE4-4F9B-86DB-DE51E98A58CA}"
EndProject
Project("{2150E333-8FDC-42A3-9474-1A3956D46DE8}") = "Domain", "Domain", "{91A0361F-AA94-45D6-9E52-F458107D456B}"
EndProject
Project("{2150E333-8FDC-42A3-9474-1A3956D46DE8}") = "ApplicationService", "ApplicationService", "{07634ED5-AFD6-4264-8AA2-AD461149AA0C}"
EndProject
Project("{2150E333-8FDC-42A3-9474-1A3956D46DE8}") = "SQLDB", "SQLDB", "{F0D8EA25-A912-485E-84C8-95B0A0512285}"
EndProject
Project("{2150E333-8FDC-42A3-9474-1A3956D46DE8}") = "WebAPI", "WebAPI", "{755628FA-5D6D-4FFC-91D3-D75721EED258}"
EndProject
Project("{FAE04EC0-301F-11D3-BF4B-00C04F79EFBC}") = "Project.Sales.ApplicationService", "Modules\Sales\ApplicationService\Project.Sales.ApplicationService\Project.Sales.ApplicationService.csproj", "{82AB0CFA-4906-4C4F-95D0-E06BABD78CF0}"
EndProject
Project("{FAE04EC0-301F-11D3-BF4B-00C04F79EFBC}") = "Project.Sales.Integration", "Modules\Sales\ApplicationService\Project.Sales.Integration\Project.Sales.Integration.csproj", "{4E6CEB70-89F3-4C5F-85BB-0B194E3B90E4}"
EndProject
Project("{FAE04EC0-301F-11D3-BF4B-00C04F79EFBC}") = "Project.Sales.Infrastructure.SQLDB", "Modules\Sales\Infrastructure\SQLDB\Project.Sales.Infrastructure.SQLDB\Project.Sales.Infrastructure.SQLDB.csproj", "{408EEDD3-22C9-404E-9421-3C51A59315F6}"
EndProject
Project("{FAE04EC0-301F-11D3-BF4B-00C04F79EFBC}") = "Project.Sales.Domain", "Modules\Sales\Domain\Project.Sales.Domain\Project.Sales.Domain.csproj", "{56CA54F9-489B-4D26-B94A-CC1C8C51BCA3}"
EndProject
Project("{FAE04EC0-301F-11D3-BF4B-00C04F79EFBC}") = "Project.Sales.Infrastructure.WebAPI", "Modules\Sales\Infrastructure\WebAPI\Project.Sales.Infrastructure.WebAPI\Project.Sales.Infrastructure.WebAPI.csproj", "{E926D899-8CD3-4338-B656-9F36F5DBB564}"
EndProject
Project("{2150E333-8FDC-42A3-9474-1A3956D46DE8}") = "Product", "Product", "{01D6A6CB-3874-4DB0-B217-2F5F3EDBC1DD}"
EndProject
Project("{2150E333-8FDC-42A3-9474-1A3956D46DE8}") = "ApplicationService", "ApplicationService", "{86B4C874-F1F5-4B52-AEF8-2A0C647155F8}"
EndProject
Project("{2150E333-8FDC-42A3-9474-1A3956D46DE8}") = "Domain", "Domain", "{C7F0F0FA-89A2-4FE1-BBE8-F0BB0914FC28}"
EndProject
Project("{2150E333-8FDC-42A3-9474-1A3956D46DE8}") = "Infrastructure", "Infrastructure", "{FC4A8B0A-6321-4B7B-83E0-84DD374CC584}"
EndProject
Project("{FAE04EC0-301F-11D3-BF4B-00C04F79EFBC}") = "Project.Product.ApplicationService", "Modules\Product\ApplicationService\Project.Product.ApplicationService\Project.Product.ApplicationService.csproj", "{EA7AEF28-C5F5-4F25-9A37-6047703C8B64}"
EndProject
Project("{FAE04EC0-301F-11D3-BF4B-00C04F79EFBC}") = "Project.Product.Integration", "Modules\Product\ApplicationService\Project.Product.Integration\Project.Product.Integration.csproj", "{42B43304-7C9E-46CB-9146-7AE61EA404BE}"
EndProject
Project("{FAE04EC0-301F-11D3-BF4B-00C04F79EFBC}") = "Project.Product.Domain", "Modules\Product\Domain\Project.Product.Domain\Project.Product.Domain.csproj", "{1D225237-11CC-4120-AEFA-EADB12C0F6EF}"
EndProject
Project("{2150E333-8FDC-42A3-9474-1A3956D46DE8}") = "SQLDB", "SQLDB", "{73D57984-9AEB-4183-B8DE-31F1F2F4BC2E}"
EndProject
Project("{2150E333-8FDC-42A3-9474-1A3956D46DE8}") = "WebAPI", "WebAPI", "{529FFFA8-9BC9-462B-8798-C396B2B45981}"
EndProject
Project("{FAE04EC0-301F-11D3-BF4B-00C04F79EFBC}") = "Project.Product.Infrastructure.SQLDB", "Modules\Product\Infrastructure\SQLDB\Project.Product.Infrastructure.SQLDB\Project.Product.Infrastructure.SQLDB.csproj", "{3E120D88-AF71-4D5A-8682-B62CD3D294B1}"
EndProject
Project("{FAE04EC0-301F-11D3-BF4B-00C04F79EFBC}") = "Project.Product.Infrastructure.WebAPI", "Modules\Product\Infrastructure\WebAPI\Project.Product.Infrastructure.WebAPI\Project.Product.Infrastructure.WebAPI.csproj", "{63FF6496-A12A-4E81-8E05-C3AA621077F8}"
EndProject
Global
	GlobalSection(SolutionConfigurationPlatforms) = preSolution
		Debug|Any CPU = Debug|Any CPU
		Release|Any CPU = Release|Any CPU
	EndGlobalSection
	GlobalSection(ProjectConfigurationPlatforms) = postSolution
		{BA4635C8-42B7-4E2A-9281-1F0C1D9F9305}.Debug|Any CPU.ActiveCfg = Debug|Any CPU
		{BA4635C8-42B7-4E2A-9281-1F0C1D9F9305}.Debug|Any CPU.Build.0 = Debug|Any CPU
		{BA4635C8-42B7-4E2A-9281-1F0C1D9F9305}.Release|Any CPU.ActiveCfg = Release|Any CPU
		{BA4635C8-42B7-4E2A-9281-1F0C1D9F9305}.Release|Any CPU.Build.0 = Release|Any CPU
		{F8087ADD-4800-4923-BAAA-78288590259C}.Debug|Any CPU.ActiveCfg = Debug|Any CPU
		{F8087ADD-4800-4923-BAAA-78288590259C}.Debug|Any CPU.Build.0 = Debug|Any CPU
		{F8087ADD-4800-4923-BAAA-78288590259C}.Release|Any CPU.ActiveCfg = Release|Any CPU
		{F8087ADD-4800-4923-BAAA-78288590259C}.Release|Any CPU.Build.0 = Release|Any CPU
		{45CBD7D7-2F76-4F30-A963-1E7E8DF19E2D}.Debug|Any CPU.ActiveCfg = Debug|Any CPU
		{45CBD7D7-2F76-4F30-A963-1E7E8DF19E2D}.Debug|Any CPU.Build.0 = Debug|Any CPU
		{45CBD7D7-2F76-4F30-A963-1E7E8DF19E2D}.Release|Any CPU.ActiveCfg = Release|Any CPU
		{45CBD7D7-2F76-4F30-A963-1E7E8DF19E2D}.Release|Any CPU.Build.0 = Release|Any CPU
		{3B567148-6646-4294-8C3B-33D9B948EF5C}.Debug|Any CPU.ActiveCfg = Debug|Any CPU
		{3B567148-6646-4294-8C3B-33D9B948EF5C}.Debug|Any CPU.Build.0 = Debug|Any CPU
		{3B567148-6646-4294-8C3B-33D9B948EF5C}.Release|Any CPU.ActiveCfg = Release|Any CPU
		{3B567148-6646-4294-8C3B-33D9B948EF5C}.Release|Any CPU.Build.0 = Release|Any CPU
		{7784AECA-94E0-4FFB-8976-9F5EE5F77CC8}.Debug|Any CPU.ActiveCfg = Debug|Any CPU
		{7784AECA-94E0-4FFB-8976-9F5EE5F77CC8}.Debug|Any CPU.Build.0 = Debug|Any CPU
		{7784AECA-94E0-4FFB-8976-9F5EE5F77CC8}.Release|Any CPU.ActiveCfg = Release|Any CPU
		{7784AECA-94E0-4FFB-8976-9F5EE5F77CC8}.Release|Any CPU.Build.0 = Release|Any CPU
		{AAE39B06-0CC5-4193-BC99-517E9EF400F1}.Debug|Any CPU.ActiveCfg = Debug|Any CPU
		{AAE39B06-0CC5-4193-BC99-517E9EF400F1}.Debug|Any CPU.Build.0 = Debug|Any CPU
		{AAE39B06-0CC5-4193-BC99-517E9EF400F1}.Release|Any CPU.ActiveCfg = Release|Any CPU
		{AAE39B06-0CC5-4193-BC99-517E9EF400F1}.Release|Any CPU.Build.0 = Release|Any CPU
		{C986B735-F67F-4832-8098-CD3205BB5E7A}.Debug|Any CPU.ActiveCfg = Debug|Any CPU
		{C986B735-F67F-4832-8098-CD3205BB5E7A}.Debug|Any CPU.Build.0 = Debug|Any CPU
		{C986B735-F67F-4832-8098-CD3205BB5E7A}.Release|Any CPU.ActiveCfg = Release|Any CPU
		{C986B735-F67F-4832-8098-CD3205BB5E7A}.Release|Any CPU.Build.0 = Release|Any CPU
		{D1EFE308-96C2-4C7D-82AC-3596670AC7EC}.Debug|Any CPU.ActiveCfg = Debug|Any CPU
		{D1EFE308-96C2-4C7D-82AC-3596670AC7EC}.Debug|Any CPU.Build.0 = Debug|Any CPU
		{D1EFE308-96C2-4C7D-82AC-3596670AC7EC}.Release|Any CPU.ActiveCfg = Release|Any CPU
		{D1EFE308-96C2-4C7D-82AC-3596670AC7EC}.Release|Any CPU.Build.0 = Release|Any CPU
		{B3431FB9-5905-4354-BB7F-D203DE0F78BA}.Debug|Any CPU.ActiveCfg = Debug|Any CPU
		{B3431FB9-5905-4354-BB7F-D203DE0F78BA}.Debug|Any CPU.Build.0 = Debug|Any CPU
		{B3431FB9-5905-4354-BB7F-D203DE0F78BA}.Release|Any CPU.ActiveCfg = Release|Any CPU
		{B3431FB9-5905-4354-BB7F-D203DE0F78BA}.Release|Any CPU.Build.0 = Release|Any CPU
		{02D94F7A-634E-4F7D-BFEB-7155E402CBB5}.Debug|Any CPU.ActiveCfg = Debug|Any CPU
		{02D94F7A-634E-4F7D-BFEB-7155E402CBB5}.Debug|Any CPU.Build.0 = Debug|Any CPU
		{02D94F7A-634E-4F7D-BFEB-7155E402CBB5}.Release|Any CPU.ActiveCfg = Release|Any CPU
		{02D94F7A-634E-4F7D-BFEB-7155E402CBB5}.Release|Any CPU.Build.0 = Release|Any CPU
		{0C4FAB6F-C7F6-4EE0-941C-7BE769550F87}.Debug|Any CPU.ActiveCfg = Debug|Any CPU
		{0C4FAB6F-C7F6-4EE0-941C-7BE769550F87}.Debug|Any CPU.Build.0 = Debug|Any CPU
		{0C4FAB6F-C7F6-4EE0-941C-7BE769550F87}.Release|Any CPU.ActiveCfg = Release|Any CPU
		{0C4FAB6F-C7F6-4EE0-941C-7BE769550F87}.Release|Any CPU.Build.0 = Release|Any CPU
		{6A9E75B9-ECE9-464E-A914-28FF6B1BDDD9}.Debug|Any CPU.ActiveCfg = Debug|Any CPU
		{6A9E75B9-ECE9-464E-A914-28FF6B1BDDD9}.Debug|Any CPU.Build.0 = Debug|Any CPU
		{6A9E75B9-ECE9-464E-A914-28FF6B1BDDD9}.Release|Any CPU.ActiveCfg = Release|Any CPU
		{6A9E75B9-ECE9-464E-A914-28FF6B1BDDD9}.Release|Any CPU.Build.0 = Release|Any CPU
		{2CAD463D-6DBA-47FE-B931-9A961C183231}.Debug|Any CPU.ActiveCfg = Debug|Any CPU
		{2CAD463D-6DBA-47FE-B931-9A961C183231}.Debug|Any CPU.Build.0 = Debug|Any CPU
		{2CAD463D-6DBA-47FE-B931-9A961C183231}.Release|Any CPU.ActiveCfg = Release|Any CPU
		{2CAD463D-6DBA-47FE-B931-9A961C183231}.Release|Any CPU.Build.0 = Release|Any CPU
		{389F34BE-05B9-49FC-9276-026AB1CE0749}.Debug|Any CPU.ActiveCfg = Debug|Any CPU
		{389F34BE-05B9-49FC-9276-026AB1CE0749}.Debug|Any CPU.Build.0 = Debug|Any CPU
		{389F34BE-05B9-49FC-9276-026AB1CE0749}.Release|Any CPU.ActiveCfg = Release|Any CPU
		{389F34BE-05B9-49FC-9276-026AB1CE0749}.Release|Any CPU.Build.0 = Release|Any CPU
		{BF56AB72-4634-46AC-AFFE-AAC29152CB2A}.Debug|Any CPU.ActiveCfg = Debug|Any CPU
		{BF56AB72-4634-46AC-AFFE-AAC29152CB2A}.Debug|Any CPU.Build.0 = Debug|Any CPU
		{BF56AB72-4634-46AC-AFFE-AAC29152CB2A}.Release|Any CPU.ActiveCfg = Release|Any CPU
		{BF56AB72-4634-46AC-AFFE-AAC29152CB2A}.Release|Any CPU.Build.0 = Release|Any CPU
		{82AB0CFA-4906-4C4F-95D0-E06BABD78CF0}.Debug|Any CPU.ActiveCfg = Debug|Any CPU
		{82AB0CFA-4906-4C4F-95D0-E06BABD78CF0}.Debug|Any CPU.Build.0 = Debug|Any CPU
		{82AB0CFA-4906-4C4F-95D0-E06BABD78CF0}.Release|Any CPU.ActiveCfg = Release|Any CPU
		{82AB0CFA-4906-4C4F-95D0-E06BABD78CF0}.Release|Any CPU.Build.0 = Release|Any CPU
		{4E6CEB70-89F3-4C5F-85BB-0B194E3B90E4}.Debug|Any CPU.ActiveCfg = Debug|Any CPU
		{4E6CEB70-89F3-4C5F-85BB-0B194E3B90E4}.Debug|Any CPU.Build.0 = Debug|Any CPU
		{4E6CEB70-89F3-4C5F-85BB-0B194E3B90E4}.Release|Any CPU.ActiveCfg = Release|Any CPU
		{4E6CEB70-89F3-4C5F-85BB-0B194E3B90E4}.Release|Any CPU.Build.0 = Release|Any CPU
		{408EEDD3-22C9-404E-9421-3C51A59315F6}.Debug|Any CPU.ActiveCfg = Debug|Any CPU
		{408EEDD3-22C9-404E-9421-3C51A59315F6}.Debug|Any CPU.Build.0 = Debug|Any CPU
		{408EEDD3-22C9-404E-9421-3C51A59315F6}.Release|Any CPU.ActiveCfg = Release|Any CPU
		{408EEDD3-22C9-404E-9421-3C51A59315F6}.Release|Any CPU.Build.0 = Release|Any CPU
		{56CA54F9-489B-4D26-B94A-CC1C8C51BCA3}.Debug|Any CPU.ActiveCfg = Debug|Any CPU
		{56CA54F9-489B-4D26-B94A-CC1C8C51BCA3}.Debug|Any CPU.Build.0 = Debug|Any CPU
		{56CA54F9-489B-4D26-B94A-CC1C8C51BCA3}.Release|Any CPU.ActiveCfg = Release|Any CPU
		{56CA54F9-489B-4D26-B94A-CC1C8C51BCA3}.Release|Any CPU.Build.0 = Release|Any CPU
		{E926D899-8CD3-4338-B656-9F36F5DBB564}.Debug|Any CPU.ActiveCfg = Debug|Any CPU
		{E926D899-8CD3-4338-B656-9F36F5DBB564}.Debug|Any CPU.Build.0 = Debug|Any CPU
		{E926D899-8CD3-4338-B656-9F36F5DBB564}.Release|Any CPU.ActiveCfg = Release|Any CPU
		{E926D899-8CD3-4338-B656-9F36F5DBB564}.Release|Any CPU.Build.0 = Release|Any CPU
		{EA7AEF28-C5F5-4F25-9A37-6047703C8B64}.Debug|Any CPU.ActiveCfg = Debug|Any CPU
		{EA7AEF28-C5F5-4F25-9A37-6047703C8B64}.Debug|Any CPU.Build.0 = Debug|Any CPU
		{EA7AEF28-C5F5-4F25-9A37-6047703C8B64}.Release|Any CPU.ActiveCfg = Release|Any CPU
		{EA7AEF28-C5F5-4F25-9A37-6047703C8B64}.Release|Any CPU.Build.0 = Release|Any CPU
		{42B43304-7C9E-46CB-9146-7AE61EA404BE}.Debug|Any CPU.ActiveCfg = Debug|Any CPU
		{42B43304-7C9E-46CB-9146-7AE61EA404BE}.Debug|Any CPU.Build.0 = Debug|Any CPU
		{42B43304-7C9E-46CB-9146-7AE61EA404BE}.Release|Any CPU.ActiveCfg = Release|Any CPU
		{42B43304-7C9E-46CB-9146-7AE61EA404BE}.Release|Any CPU.Build.0 = Release|Any CPU
		{1D225237-11CC-4120-AEFA-EADB12C0F6EF}.Debug|Any CPU.ActiveCfg = Debug|Any CPU
		{1D225237-11CC-4120-AEFA-EADB12C0F6EF}.Debug|Any CPU.Build.0 = Debug|Any CPU
		{1D225237-11CC-4120-AEFA-EADB12C0F6EF}.Release|Any CPU.ActiveCfg = Release|Any CPU
		{1D225237-11CC-4120-AEFA-EADB12C0F6EF}.Release|Any CPU.Build.0 = Release|Any CPU
		{3E120D88-AF71-4D5A-8682-B62CD3D294B1}.Debug|Any CPU.ActiveCfg = Debug|Any CPU
		{3E120D88-AF71-4D5A-8682-B62CD3D294B1}.Debug|Any CPU.Build.0 = Debug|Any CPU
		{3E120D88-AF71-4D5A-8682-B62CD3D294B1}.Release|Any CPU.ActiveCfg = Release|Any CPU
		{3E120D88-AF71-4D5A-8682-B62CD3D294B1}.Release|Any CPU.Build.0 = Release|Any CPU
		{63FF6496-A12A-4E81-8E05-C3AA621077F8}.Debug|Any CPU.ActiveCfg = Debug|Any CPU
		{63FF6496-A12A-4E81-8E05-C3AA621077F8}.Debug|Any CPU.Build.0 = Debug|Any CPU
		{63FF6496-A12A-4E81-8E05-C3AA621077F8}.Release|Any CPU.ActiveCfg = Release|Any CPU
		{63FF6496-A12A-4E81-8E05-C3AA621077F8}.Release|Any CPU.Build.0 = Release|Any CPU
	EndGlobalSection
	GlobalSection(SolutionProperties) = preSolution
		HideSolutionNode = FALSE
	EndGlobalSection
	GlobalSection(NestedProjects) = preSolution
		{267F9C7B-E70E-44F5-A68F-9BA09FF269D8} = {151F7F02-B6FF-4882-93F5-481D2E973332}
		{D87151B4-9CD1-4ACC-9352-F5B49B0721A5} = {6E31A469-0EBC-4950-9915-9CAAC7447878}
		{B2968134-2B65-4493-B1AB-5AACC391AE7A} = {D87151B4-9CD1-4ACC-9352-F5B49B0721A5}
		{E4EE5458-2351-4C4F-8390-159AD957B6D8} = {D87151B4-9CD1-4ACC-9352-F5B49B0721A5}
		{F120FFC5-1677-4674-89F6-66C1B8D424A3} = {D87151B4-9CD1-4ACC-9352-F5B49B0721A5}
		{29546E06-EBD4-4AF0-947A-E654797EBF71} = {F120FFC5-1677-4674-89F6-66C1B8D424A3}
		{36C50AE3-30B3-40E8-A4E4-95427C7970E2} = {F120FFC5-1677-4674-89F6-66C1B8D424A3}
		{49F141B7-47D5-4BCC-B6CA-C8A569B35105} = {B94FBDA7-D0B9-477A-8AA5-E9ABB5C5ACA8}
		{DC67169E-D730-496F-A90E-49AE42714D4F} = {B94FBDA7-D0B9-477A-8AA5-E9ABB5C5ACA8}
		{3C781A76-2113-4A8F-8E72-BB481A50E0A6} = {DC67169E-D730-496F-A90E-49AE42714D4F}
		{7F83DD54-635A-4A29-BF16-9D619753F0EA} = {DC67169E-D730-496F-A90E-49AE42714D4F}
		{BA4635C8-42B7-4E2A-9281-1F0C1D9F9305} = {7F83DD54-635A-4A29-BF16-9D619753F0EA}
		{F8087ADD-4800-4923-BAAA-78288590259C} = {3C781A76-2113-4A8F-8E72-BB481A50E0A6}
		{45CBD7D7-2F76-4F30-A963-1E7E8DF19E2D} = {49F141B7-47D5-4BCC-B6CA-C8A569B35105}
		{3B567148-6646-4294-8C3B-33D9B948EF5C} = {267F9C7B-E70E-44F5-A68F-9BA09FF269D8}
		{BC493C60-69DA-4FC9-AB9D-2B0E4A703AE5} = {B94FBDA7-D0B9-477A-8AA5-E9ABB5C5ACA8}
		{7784AECA-94E0-4FFB-8976-9F5EE5F77CC8} = {BC493C60-69DA-4FC9-AB9D-2B0E4A703AE5}
		{BED2F668-719A-4030-BC57-33401EE176AE} = {6E31A469-0EBC-4950-9915-9CAAC7447878}
		{1A15B10B-BD1B-45D3-AA23-5AD96DFF24A5} = {BED2F668-719A-4030-BC57-33401EE176AE}
		{DE12AB63-C9A9-4FB3-B786-D023AE3D5927} = {BED2F668-719A-4030-BC57-33401EE176AE}
		{3062E3B5-5E9B-4B2E-AC2D-6D7079B3280C} = {BED2F668-719A-4030-BC57-33401EE176AE}
		{FDDB9C58-7FCC-4C03-85CF-FFF6A5150E96} = {3062E3B5-5E9B-4B2E-AC2D-6D7079B3280C}
		{DA3BB8F2-480A-4EF5-9894-6628813140A4} = {3062E3B5-5E9B-4B2E-AC2D-6D7079B3280C}
		{AAE39B06-0CC5-4193-BC99-517E9EF400F1} = {1A15B10B-BD1B-45D3-AA23-5AD96DFF24A5}
		{C986B735-F67F-4832-8098-CD3205BB5E7A} = {DE12AB63-C9A9-4FB3-B786-D023AE3D5927}
		{D1EFE308-96C2-4C7D-82AC-3596670AC7EC} = {DA3BB8F2-480A-4EF5-9894-6628813140A4}
		{B3431FB9-5905-4354-BB7F-D203DE0F78BA} = {FDDB9C58-7FCC-4C03-85CF-FFF6A5150E96}
		{02D94F7A-634E-4F7D-BFEB-7155E402CBB5} = {1A15B10B-BD1B-45D3-AA23-5AD96DFF24A5}
		{0C4FAB6F-C7F6-4EE0-941C-7BE769550F87} = {B2968134-2B65-4493-B1AB-5AACC391AE7A}
		{6A9E75B9-ECE9-464E-A914-28FF6B1BDDD9} = {E4EE5458-2351-4C4F-8390-159AD957B6D8}
		{2CAD463D-6DBA-47FE-B931-9A961C183231} = {29546E06-EBD4-4AF0-947A-E654797EBF71}
		{389F34BE-05B9-49FC-9276-026AB1CE0749} = {36C50AE3-30B3-40E8-A4E4-95427C7970E2}
		{BF56AB72-4634-46AC-AFFE-AAC29152CB2A} = {B2968134-2B65-4493-B1AB-5AACC391AE7A}
		{EA743C8D-D63A-421C-8F0B-189CBEA8B986} = {6E31A469-0EBC-4950-9915-9CAAC7447878}
		{B6B24130-BFE4-4F9B-86DB-DE51E98A58CA} = {EA743C8D-D63A-421C-8F0B-189CBEA8B986}
		{91A0361F-AA94-45D6-9E52-F458107D456B} = {EA743C8D-D63A-421C-8F0B-189CBEA8B986}
		{07634ED5-AFD6-4264-8AA2-AD461149AA0C} = {EA743C8D-D63A-421C-8F0B-189CBEA8B986}
		{F0D8EA25-A912-485E-84C8-95B0A0512285} = {B6B24130-BFE4-4F9B-86DB-DE51E98A58CA}
		{755628FA-5D6D-4FFC-91D3-D75721EED258} = {B6B24130-BFE4-4F9B-86DB-DE51E98A58CA}
		{82AB0CFA-4906-4C4F-95D0-E06BABD78CF0} = {07634ED5-AFD6-4264-8AA2-AD461149AA0C}
		{4E6CEB70-89F3-4C5F-85BB-0B194E3B90E4} = {07634ED5-AFD6-4264-8AA2-AD461149AA0C}
		{408EEDD3-22C9-404E-9421-3C51A59315F6} = {F0D8EA25-A912-485E-84C8-95B0A0512285}
		{56CA54F9-489B-4D26-B94A-CC1C8C51BCA3} = {91A0361F-AA94-45D6-9E52-F458107D456B}
		{E926D899-8CD3-4338-B656-9F36F5DBB564} = {755628FA-5D6D-4FFC-91D3-D75721EED258}
		{01D6A6CB-3874-4DB0-B217-2F5F3EDBC1DD} = {6E31A469-0EBC-4950-9915-9CAAC7447878}
		{86B4C874-F1F5-4B52-AEF8-2A0C647155F8} = {01D6A6CB-3874-4DB0-B217-2F5F3EDBC1DD}
		{C7F0F0FA-89A2-4FE1-BBE8-F0BB0914FC28} = {01D6A6CB-3874-4DB0-B217-2F5F3EDBC1DD}
		{FC4A8B0A-6321-4B7B-83E0-84DD374CC584} = {01D6A6CB-3874-4DB0-B217-2F5F3EDBC1DD}
		{EA7AEF28-C5F5-4F25-9A37-6047703C8B64} = {86B4C874-F1F5-4B52-AEF8-2A0C647155F8}
		{42B43304-7C9E-46CB-9146-7AE61EA404BE} = {86B4C874-F1F5-4B52-AEF8-2A0C647155F8}
		{1D225237-11CC-4120-AEFA-EADB12C0F6EF} = {C7F0F0FA-89A2-4FE1-BBE8-F0BB0914FC28}
		{73D57984-9AEB-4183-B8DE-31F1F2F4BC2E} = {FC4A8B0A-6321-4B7B-83E0-84DD374CC584}
		{529FFFA8-9BC9-462B-8798-C396B2B45981} = {FC4A8B0A-6321-4B7B-83E0-84DD374CC584}
		{3E120D88-AF71-4D5A-8682-B62CD3D294B1} = {73D57984-9AEB-4183-B8DE-31F1F2F4BC2E}
		{63FF6496-A12A-4E81-8E05-C3AA621077F8} = {529FFFA8-9BC9-462B-8798-C396B2B45981}
	EndGlobalSection
	GlobalSection(ExtensibilityGlobals) = postSolution
		SolutionGuid = {8253690D-9643-49CB-B24D-674963D290A7}
	EndGlobalSection
EndGlobal
