
Microsoft Visual Studio Solution File, Format Version 12.00
# Visual Studio Version 17
VisualStudioVersion = 17.4.33205.214
MinimumVisualStudioVersion = 10.0.40219.1
Project("{2150E333-8FDC-42A3-9474-1A3956D46DE8}") = "Infrastructure", "Infrastructure", "{151F7F02-B6FF-4882-93F5-481D2E973332}"
EndProject
Project("{2150E333-8FDC-42A3-9474-1A3956D46DE8}") = "WebAPI", "WebAPI", "{267F9C7B-E70E-44F5-A68F-9BA09FF269D8}"
EndProject
Project("{9A19103F-16F7-4668-BE54-9A1E7A4F7556}") = "WebAPI", "WebAPI\WebAPI.csproj", "{D94BECE2-E1BC-4D64-AEBC-73B0334F50F4}"
EndProject
Project("{2150E333-8FDC-42A3-9474-1A3956D46DE8}") = "Modules", "Modules", "{6E31A469-0EBC-4950-9915-9CAAC7447878}"
EndProject
Project("{2150E333-8FDC-42A3-9474-1A3956D46DE8}") = "Common", "Common", "{D87151B4-9CD1-4ACC-9352-F5B49B0721A5}"
EndProject
Project("{2150E333-8FDC-42A3-9474-1A3956D46DE8}") = "ApplicationService", "ApplicationService", "{B2968134-2B65-4493-B1AB-5AACC391AE7A}"
EndProject
Project("{9A19103F-16F7-4668-BE54-9A1E7A4F7556}") = "Project.Modules.Common.ApplicationService", "Modules\Common\ApplicationService\ApplicationService\Project.Modules.Common.ApplicationService.csproj", "{8D43511A-F500-4E78-A10B-C6C31368BB6E}"
EndProject
Project("{2150E333-8FDC-42A3-9474-1A3956D46DE8}") = "Domain", "Domain", "{E4EE5458-2351-4C4F-8390-159AD957B6D8}"
EndProject
Project("{2150E333-8FDC-42A3-9474-1A3956D46DE8}") = "Infrastructure", "Infrastructure", "{F120FFC5-1677-4674-89F6-66C1B8D424A3}"
EndProject
Project("{2150E333-8FDC-42A3-9474-1A3956D46DE8}") = "SQLDB", "SQLDB", "{29546E06-EBD4-4AF0-947A-E654797EBF71}"
EndProject
Project("{2150E333-8FDC-42A3-9474-1A3956D46DE8}") = "WebAPI", "WebAPI", "{36C50AE3-30B3-40E8-A4E4-95427C7970E2}"
EndProject
Project("{9A19103F-16F7-4668-BE54-9A1E7A4F7556}") = "Project.Modules.Common.Infrastructure.SQLDB", "Modules\Common\Infrastructure\SQLDB\SQLDB\Project.Modules.Common.Infrastructure.SQLDB.csproj", "{AF405040-E03C-4715-A6C7-97B8E3EFBBBD}"
EndProject
Project("{9A19103F-16F7-4668-BE54-9A1E7A4F7556}") = "Project.Modules.Common.Infrastructure.WebAPI", "Modules\Common\Infrastructure\WebAPI\WebAPI\Project.Modules.Common.Infrastructure.WebAPI.csproj", "{FAFEF8F0-F38B-4E14-9159-B17B52A814A1}"
EndProject
Project("{9A19103F-16F7-4668-BE54-9A1E7A4F7556}") = "Project.Modules.Common.Domain", "Modules\Common\Domain\Domain\Project.Modules.Common.Domain.csproj", "{25A1E707-C4D8-401D-877D-5FB80B3B544D}"
EndProject
Global
	GlobalSection(SolutionConfigurationPlatforms) = preSolution
		Debug|Any CPU = Debug|Any CPU
		Release|Any CPU = Release|Any CPU
	EndGlobalSection
	GlobalSection(ProjectConfigurationPlatforms) = postSolution
		{D94BECE2-E1BC-4D64-AEBC-73B0334F50F4}.Debug|Any CPU.ActiveCfg = Debug|Any CPU
		{D94BECE2-E1BC-4D64-AEBC-73B0334F50F4}.Debug|Any CPU.Build.0 = Debug|Any CPU
		{D94BECE2-E1BC-4D64-AEBC-73B0334F50F4}.Release|Any CPU.ActiveCfg = Release|Any CPU
		{D94BECE2-E1BC-4D64-AEBC-73B0334F50F4}.Release|Any CPU.Build.0 = Release|Any CPU
		{8D43511A-F500-4E78-A10B-C6C31368BB6E}.Debug|Any CPU.ActiveCfg = Debug|Any CPU
		{8D43511A-F500-4E78-A10B-C6C31368BB6E}.Debug|Any CPU.Build.0 = Debug|Any CPU
		{8D43511A-F500-4E78-A10B-C6C31368BB6E}.Release|Any CPU.ActiveCfg = Release|Any CPU
		{8D43511A-F500-4E78-A10B-C6C31368BB6E}.Release|Any CPU.Build.0 = Release|Any CPU
		{AF405040-E03C-4715-A6C7-97B8E3EFBBBD}.Debug|Any CPU.ActiveCfg = Debug|Any CPU
		{AF405040-E03C-4715-A6C7-97B8E3EFBBBD}.Debug|Any CPU.Build.0 = Debug|Any CPU
		{AF405040-E03C-4715-A6C7-97B8E3EFBBBD}.Release|Any CPU.ActiveCfg = Release|Any CPU
		{AF405040-E03C-4715-A6C7-97B8E3EFBBBD}.Release|Any CPU.Build.0 = Release|Any CPU
		{FAFEF8F0-F38B-4E14-9159-B17B52A814A1}.Debug|Any CPU.ActiveCfg = Debug|Any CPU
		{FAFEF8F0-F38B-4E14-9159-B17B52A814A1}.Debug|Any CPU.Build.0 = Debug|Any CPU
		{FAFEF8F0-F38B-4E14-9159-B17B52A814A1}.Release|Any CPU.ActiveCfg = Release|Any CPU
		{FAFEF8F0-F38B-4E14-9159-B17B52A814A1}.Release|Any CPU.Build.0 = Release|Any CPU
		{25A1E707-C4D8-401D-877D-5FB80B3B544D}.Debug|Any CPU.ActiveCfg = Debug|Any CPU
		{25A1E707-C4D8-401D-877D-5FB80B3B544D}.Debug|Any CPU.Build.0 = Debug|Any CPU
		{25A1E707-C4D8-401D-877D-5FB80B3B544D}.Release|Any CPU.ActiveCfg = Release|Any CPU
		{25A1E707-C4D8-401D-877D-5FB80B3B544D}.Release|Any CPU.Build.0 = Release|Any CPU
	EndGlobalSection
	GlobalSection(SolutionProperties) = preSolution
		HideSolutionNode = FALSE
	EndGlobalSection
	GlobalSection(NestedProjects) = preSolution
		{267F9C7B-E70E-44F5-A68F-9BA09FF269D8} = {151F7F02-B6FF-4882-93F5-481D2E973332}
		{D94BECE2-E1BC-4D64-AEBC-73B0334F50F4} = {267F9C7B-E70E-44F5-A68F-9BA09FF269D8}
		{D87151B4-9CD1-4ACC-9352-F5B49B0721A5} = {6E31A469-0EBC-4950-9915-9CAAC7447878}
		{B2968134-2B65-4493-B1AB-5AACC391AE7A} = {D87151B4-9CD1-4ACC-9352-F5B49B0721A5}
		{8D43511A-F500-4E78-A10B-C6C31368BB6E} = {B2968134-2B65-4493-B1AB-5AACC391AE7A}
		{E4EE5458-2351-4C4F-8390-159AD957B6D8} = {D87151B4-9CD1-4ACC-9352-F5B49B0721A5}
		{F120FFC5-1677-4674-89F6-66C1B8D424A3} = {D87151B4-9CD1-4ACC-9352-F5B49B0721A5}
		{29546E06-EBD4-4AF0-947A-E654797EBF71} = {F120FFC5-1677-4674-89F6-66C1B8D424A3}
		{36C50AE3-30B3-40E8-A4E4-95427C7970E2} = {F120FFC5-1677-4674-89F6-66C1B8D424A3}
		{AF405040-E03C-4715-A6C7-97B8E3EFBBBD} = {29546E06-EBD4-4AF0-947A-E654797EBF71}
		{FAFEF8F0-F38B-4E14-9159-B17B52A814A1} = {36C50AE3-30B3-40E8-A4E4-95427C7970E2}
		{25A1E707-C4D8-401D-877D-5FB80B3B544D} = {E4EE5458-2351-4C4F-8390-159AD957B6D8}
	EndGlobalSection
	GlobalSection(ExtensibilityGlobals) = postSolution
		SolutionGuid = {8253690D-9643-49CB-B24D-674963D290A7}
	EndGlobalSection
EndGlobal
